Microsoft Visual Studio Solution File, Format Version 12.00
# Visual Studio Version 17
VisualStudioVersion = 17.5.2.0
MinimumVisualStudioVersion = 10.0.40219.1
Project("{FAE04EC0-301F-11D3-BF4B-00C04F79EFBC}") = "3.2P", "3.2P.csproj", "{E1967676-95AD-7250-A76E-60D044C4D6F5}"
EndProject
Global
	GlobalSection(SolutionConfigurationPlatforms) = preSolution
		Debug|Any CPU = Debug|Any CPU
		Release|Any CPU = Release|Any CPU
	EndGlobalSection
	GlobalSection(ProjectConfigurationPlatforms) = postSolution
		{E1967676-95AD-7250-A76E-60D044C4D6F5}.Debug|Any CPU.ActiveCfg = Debug|Any CPU
		{E1967676-95AD-7250-A76E-60D044C4D6F5}.Debug|Any CPU.Build.0 = Debug|Any CPU
		{E1967676-95AD-7250-A76E-60D044C4D6F5}.Release|Any CPU.ActiveCfg = Release|Any CPU
		{E1967676-95AD-7250-A76E-60D044C4D6F5}.Release|Any CPU.Build.0 = Release|Any CPU
	EndGlobalSection
	GlobalSection(SolutionProperties) = preSolution
		HideSolutionNode = FALSE
	EndGlobalSection
	GlobalSection(ExtensibilityGlobals) = postSolution
		SolutionGuid = {EDB1C0A4-61FE-4853-AAB4-1C743A758B28}
	EndGlobalSection
EndGlobal
