Microsoft Visual Studio Solution File, Format Version 12.00
# Visual Studio Version 17
VisualStudioVersion = 17.5.2.0
MinimumVisualStudioVersion = 10.0.40219.1
Project("{FAE04EC0-301F-11D3-BF4B-00C04F79EFBC}") = "MoonRobot", "MoonRobot.csproj", "{C60C9157-8ED2-9E88-8656-7AEF0ADCC29B}"
EndProject
Global
	GlobalSection(SolutionConfigurationPlatforms) = preSolution
		Debug|Any CPU = Debug|Any CPU
		Release|Any CPU = Release|Any CPU
	EndGlobalSection
	GlobalSection(ProjectConfigurationPlatforms) = postSolution
		{C60C9157-8ED2-9E88-8656-7AEF0ADCC29B}.Debug|Any CPU.ActiveCfg = Debug|Any CPU
		{C60C9157-8ED2-9E88-8656-7AEF0ADCC29B}.Debug|Any CPU.Build.0 = Debug|Any CPU
		{C60C9157-8ED2-9E88-8656-7AEF0ADCC29B}.Release|Any CPU.ActiveCfg = Release|Any CPU
		{C60C9157-8ED2-9E88-8656-7AEF0ADCC29B}.Release|Any CPU.Build.0 = Release|Any CPU
	EndGlobalSection
	GlobalSection(SolutionProperties) = preSolution
		HideSolutionNode = FALSE
	EndGlobalSection
	GlobalSection(ExtensibilityGlobals) = postSolution
		SolutionGuid = {9BFCC82A-11DD-49C3-865E-583575E91C26}
	EndGlobalSection
EndGlobal
